# This file is automatically @generated by Cargo.
# It is not intended for manual editing.
version = 3

[[package]]
name = "aoclib"
version = "0.2.1"
source = "registry+https://github.com/rust-lang/crates.io-index"
checksum = "9e8641208d3994f6429f6b93a2b173951a80fa0cce1f37cb004a8aca656671a7"

[[package]]
name = "y2022d01"
version = "0.1.0"
dependencies = [
 "aoclib",
]

[[package]]
name = "y2022d02"
version = "0.1.0"
dependencies = [
 "aoclib",
]
